// !$*UTF8*$!
{
	archiveVersion = 1;
	classes = {
	};
	objectVersion = 48;
	objects = {

/* Begin PBXBuildFile section */
		71062D0F201A5ECE002A0217 /* Controller.cpp in Sources */ = {isa = PBXBuildFile; fileRef = 71062D0D201A5ECE002A0217 /* Controller.cpp */; };
		71062D12201A5EDB002A0217 /* Runner.cpp in Sources */ = {isa = PBXBuildFile; fileRef = 71062D11201A5EDB002A0217 /* Runner.cpp */; };
		711DBA2A205AE95300932CA4 /* SortingTester.cpp in Sources */ = {isa = PBXBuildFile; fileRef = 711DBA28205AE95300932CA4 /* SortingTester.cpp */; };
		713268A6204DC595005AA07D /* Recursion.cpp in Sources */ = {isa = PBXBuildFile; fileRef = 713268A4204DC595005AA07D /* Recursion.cpp */; };
		7168666C202A2D6400F52CAB /* Timer.cpp in Sources */ = {isa = PBXBuildFile; fileRef = 7168666B202A2D6400F52CAB /* Timer.cpp */; };
		7168667B202A321000F52CAB /* FileController.cpp in Sources */ = {isa = PBXBuildFile; fileRef = 71686679202A321000F52CAB /* FileController.cpp */; };
		71686685202A33C000F52CAB /* CrimeData.cpp in Sources */ = {isa = PBXBuildFile; fileRef = 71686683202A33C000F52CAB /* CrimeData.cpp */; };
		71686688202A33E500F52CAB /* ArrayTester.cpp in Sources */ = {isa = PBXBuildFile; fileRef = 71686686202A33E500F52CAB /* ArrayTester.cpp */; };
		71730B43204734550065266E /* TestingStacksAndQueues.cpp in Sources */ = {isa = PBXBuildFile; fileRef = 71730B41204734550065266E /* TestingStacksAndQueues.cpp */; };
		71973CCF2034BB5E00D82FB7 /* LinkedListTester.cpp in Sources */ = {isa = PBXBuildFile; fileRef = 71973CCD2034BB5E00D82FB7 /* LinkedListTester.cpp */; };
		71AC55C9206571E900FE5BDC /* GraphTester.cpp in Sources */ = {isa = PBXBuildFile; fileRef = 71AC55C7206571E900FE5BDC /* GraphTester.cpp */; };
		71C8444B206ACA12009578DC /* BinaryTreeTester.cpp in Sources */ = {isa = PBXBuildFile; fileRef = 71C84449206ACA12009578DC /* BinaryTreeTester.cpp */; };
/* End PBXBuildFile section */

/* Begin PBXCopyFilesBuildPhase section */
		71062D00201A5D98002A0217 /* CopyFiles */ = {
			isa = PBXCopyFilesBuildPhase;
			buildActionMask = 2147483647;
			dstPath = /usr/share/man/man1/;
			dstSubfolderSpec = 0;
			files = (
			);
			runOnlyForDeploymentPostprocessing = 1;
		};
/* End PBXCopyFilesBuildPhase section */

/* Begin PBXFileReference section */
		71062D02201A5D98002A0217 /* Sample_Project */ = {isa = PBXFileReference; explicitFileType = "compiled.mach-o.executable"; includeInIndex = 0; path = Sample_Project; sourceTree = BUILT_PRODUCTS_DIR; };
		71062D0D201A5ECE002A0217 /* Controller.cpp */ = {isa = PBXFileReference; lastKnownFileType = sourcecode.cpp.cpp; path = Controller.cpp; sourceTree = "<group>"; };
		71062D0E201A5ECE002A0217 /* Controller.hpp */ = {isa = PBXFileReference; lastKnownFileType = sourcecode.cpp.h; path = Controller.hpp; sourceTree = "<group>"; };
		71062D11201A5EDB002A0217 /* Runner.cpp */ = {isa = PBXFileReference; lastKnownFileType = sourcecode.cpp.cpp; path = Runner.cpp; sourceTree = "<group>"; };
		711873BC20866B670005CACE /* AVLTree.hpp */ = {isa = PBXFileReference; lastKnownFileType = sourcecode.cpp.h; path = AVLTree.hpp; sourceTree = "<group>"; };
		711DBA28205AE95300932CA4 /* SortingTester.cpp */ = {isa = PBXFileReference; lastKnownFileType = sourcecode.cpp.cpp; path = SortingTester.cpp; sourceTree = "<group>"; };
		711DBA29205AE95300932CA4 /* SortingTester.hpp */ = {isa = PBXFileReference; lastKnownFileType = sourcecode.cpp.h; path = SortingTester.hpp; sourceTree = "<group>"; };
		713268A4204DC595005AA07D /* Recursion.cpp */ = {isa = PBXFileReference; lastKnownFileType = sourcecode.cpp.cpp; path = Recursion.cpp; sourceTree = "<group>"; };
		713268A5204DC595005AA07D /* Recursion.hpp */ = {isa = PBXFileReference; lastKnownFileType = sourcecode.cpp.h; path = Recursion.hpp; sourceTree = "<group>"; };
		715A900D203F464500549E3B /* Stack.hpp */ = {isa = PBXFileReference; lastKnownFileType = sourcecode.cpp.h; path = Stack.hpp; sourceTree = "<group>"; };
		715A900E203F493600549E3B /* Queue.hpp */ = {isa = PBXFileReference; lastKnownFileType = sourcecode.cpp.h; path = Queue.hpp; sourceTree = "<group>"; };
		7168666B202A2D6400F52CAB /* Timer.cpp */ = {isa = PBXFileReference; fileEncoding = 4; lastKnownFileType = sourcecode.cpp.cpp; path = Timer.cpp; sourceTree = "<group>"; };
		7168666D202A2D6F00F52CAB /* Timer.hpp */ = {isa = PBXFileReference; fileEncoding = 4; lastKnownFileType = sourcecode.cpp.h; path = Timer.hpp; sourceTree = "<group>"; };
		71686679202A321000F52CAB /* FileController.cpp */ = {isa = PBXFileReference; lastKnownFileType = sourcecode.cpp.cpp; path = FileController.cpp; sourceTree = "<group>"; };
		7168667A202A321000F52CAB /* FileController.hpp */ = {isa = PBXFileReference; lastKnownFileType = sourcecode.cpp.h; path = FileController.hpp; sourceTree = "<group>"; };
		71686683202A33C000F52CAB /* CrimeData.cpp */ = {isa = PBXFileReference; fileEncoding = 4; lastKnownFileType = sourcecode.cpp.cpp; path = CrimeData.cpp; sourceTree = "<group>"; };
		71686684202A33C000F52CAB /* CrimeData.hpp */ = {isa = PBXFileReference; fileEncoding = 4; lastKnownFileType = sourcecode.cpp.h; path = CrimeData.hpp; sourceTree = "<group>"; };
		71686686202A33E500F52CAB /* ArrayTester.cpp */ = {isa = PBXFileReference; lastKnownFileType = sourcecode.cpp.cpp; path = ArrayTester.cpp; sourceTree = "<group>"; };
		71686687202A33E500F52CAB /* ArrayTester.hpp */ = {isa = PBXFileReference; lastKnownFileType = sourcecode.cpp.h; path = ArrayTester.hpp; sourceTree = "<group>"; };
		7168668E202A34FB00F52CAB /* Array.hpp */ = {isa = PBXFileReference; fileEncoding = 4; lastKnownFileType = sourcecode.cpp.h; name = Array.hpp; path = Sample_Project/Model/Structures/Linear/Array.hpp; sourceTree = SOURCE_ROOT; };
		7168668F202A370100F52CAB /* crime.csv */ = {isa = PBXFileReference; fileEncoding = 4; lastKnownFileType = text; path = crime.csv; sourceTree = "<group>"; };
		71686692202A3F2C00F52CAB /* Node.uxf */ = {isa = PBXFileReference; fileEncoding = 4; lastKnownFileType = text.xml; path = Node.uxf; sourceTree = "<group>"; };
		71701160208E50DA0067EE65 /* N_AryTreeNode.hpp */ = {isa = PBXFileReference; lastKnownFileType = sourcecode.cpp.h; path = N_AryTreeNode.hpp; sourceTree = "<group>"; };
		71730B3D20472DEB0065266E /* DoubleNode.hpp */ = {isa = PBXFileReference; lastKnownFileType = sourcecode.cpp.h; path = DoubleNode.hpp; sourceTree = "<group>"; };
		71730B3E20472FAD0065266E /* CircularList.hpp */ = {isa = PBXFileReference; lastKnownFileType = sourcecode.cpp.h; path = CircularList.hpp; sourceTree = "<group>"; };
		71730B3F20472FFC0065266E /* LinearNode.hpp */ = {isa = PBXFileReference; fileEncoding = 4; lastKnownFileType = sourcecode.cpp.h; path = LinearNode.hpp; sourceTree = "<group>"; };
		71730B4020472FFC0065266E /* Node.hpp */ = {isa = PBXFileReference; fileEncoding = 4; lastKnownFileType = sourcecode.cpp.h; path = Node.hpp; sourceTree = "<group>"; };
		71730B41204734550065266E /* TestingStacksAndQueues.cpp */ = {isa = PBXFileReference; lastKnownFileType = sourcecode.cpp.cpp; path = TestingStacksAndQueues.cpp; sourceTree = "<group>"; };
		71730B42204734550065266E /* TestingStacksAndQueues.hpp */ = {isa = PBXFileReference; lastKnownFileType = sourcecode.cpp.h; path = TestingStacksAndQueues.hpp; sourceTree = "<group>"; };
		7174FED82060362000B39B62 /* Graph.h */ = {isa = PBXFileReference; lastKnownFileType = sourcecode.c.h; path = Graph.h; sourceTree = "<group>"; };
		71973CCD2034BB5E00D82FB7 /* LinkedListTester.cpp */ = {isa = PBXFileReference; lastKnownFileType = sourcecode.cpp.cpp; path = LinkedListTester.cpp; sourceTree = "<group>"; };
		71973CCE2034BB5E00D82FB7 /* LinkedListTester.hpp */ = {isa = PBXFileReference; lastKnownFileType = sourcecode.cpp.h; path = LinkedListTester.hpp; sourceTree = "<group>"; };
		71AC55C7206571E900FE5BDC /* GraphTester.cpp */ = {isa = PBXFileReference; lastKnownFileType = sourcecode.cpp.cpp; path = GraphTester.cpp; sourceTree = "<group>"; };
		71AC55C8206571E900FE5BDC /* GraphTester.hpp */ = {isa = PBXFileReference; lastKnownFileType = sourcecode.cpp.h; path = GraphTester.hpp; sourceTree = "<group>"; };
		71B741EE206D609D00CB0F08 /* BinarySearchTree.hpp */ = {isa = PBXFileReference; lastKnownFileType = sourcecode.cpp.h; path = BinarySearchTree.hpp; sourceTree = "<group>"; };
		71C5E7E220322AE0008B8656 /* LinkedList.hpp */ = {isa = PBXFileReference; lastKnownFileType = sourcecode.cpp.h; path = LinkedList.hpp; sourceTree = "<group>"; };
		71C84448206ABEC5009578DC /* BinaryTreeNode.hpp */ = {isa = PBXFileReference; lastKnownFileType = sourcecode.cpp.h; path = BinaryTreeNode.hpp; sourceTree = "<group>"; };
		71C84449206ACA12009578DC /* BinaryTreeTester.cpp */ = {isa = PBXFileReference; lastKnownFileType = sourcecode.cpp.cpp; path = BinaryTreeTester.cpp; sourceTree = "<group>"; };
		71C8444A206ACA12009578DC /* BinaryTreeTester.hpp */ = {isa = PBXFileReference; lastKnownFileType = sourcecode.cpp.h; path = BinaryTreeTester.hpp; sourceTree = "<group>"; };
		71C8444C206AD426009578DC /* Tree.hpp */ = {isa = PBXFileReference; lastKnownFileType = sourcecode.cpp.h; path = Tree.hpp; sourceTree = "<group>"; };
		71F0D606202CCF1300CDAEF4 /* List.hpp */ = {isa = PBXFileReference; lastKnownFileType = sourcecode.cpp.h; path = List.hpp; sourceTree = "<group>"; };
/* End PBXFileReference section */

/* Begin PBXFrameworksBuildPhase section */
		71062CFF201A5D98002A0217 /* Frameworks */ = {
			isa = PBXFrameworksBuildPhase;
			buildActionMask = 2147483647;
			files = (
			);
			runOnlyForDeploymentPostprocessing = 0;
		};
/* End PBXFrameworksBuildPhase section */

/* Begin PBXGroup section */
		71062CF9201A5D98002A0217 = {
			isa = PBXGroup;
			children = (
				71062D04201A5D98002A0217 /* Sample_Project */,
				71062D03201A5D98002A0217 /* Products */,
			);
			sourceTree = "<group>";
		};
		71062D03201A5D98002A0217 /* Products */ = {
			isa = PBXGroup;
			children = (
				71062D02201A5D98002A0217 /* Sample_Project */,
			);
			name = Products;
			sourceTree = "<group>";
		};
		71062D04201A5D98002A0217 /* Sample_Project */ = {
			isa = PBXGroup;
			children = (
				71686691202A3F1D00F52CAB /* UML */,
				71686682202A338C00F52CAB /* Testers */,
				7168667C202A32B400F52CAB /* Data */,
				7168666F202A2E3900F52CAB /* Model */,
				71062D0C201A5EC5002A0217 /* Controller */,
			);
			path = Sample_Project;
			sourceTree = "<group>";
		};
		71062D0C201A5EC5002A0217 /* Controller */ = {
			isa = PBXGroup;
			children = (
				71686689202A342200F52CAB /* Tools */,
				71062D10201A5ED1002A0217 /* Headers */,
				71062D0D201A5ECE002A0217 /* Controller.cpp */,
				71062D11201A5EDB002A0217 /* Runner.cpp */,
				71686679202A321000F52CAB /* FileController.cpp */,
			);
			path = Controller;
			sourceTree = "<group>";
		};
		71062D10201A5ED1002A0217 /* Headers */ = {
			isa = PBXGroup;
			children = (
				71062D0E201A5ECE002A0217 /* Controller.hpp */,
				7168667A202A321000F52CAB /* FileController.hpp */,
			);
			path = Headers;
			sourceTree = "<group>";
		};
		715A900C203F45C300549E3B /* Linear */ = {
			isa = PBXGroup;
			children = (
				7168668E202A34FB00F52CAB /* Array.hpp */,
				71C5E7E220322AE0008B8656 /* LinkedList.hpp */,
				71F0D606202CCF1300CDAEF4 /* List.hpp */,
				715A900D203F464500549E3B /* Stack.hpp */,
				715A900E203F493600549E3B /* Queue.hpp */,
				71730B3E20472FAD0065266E /* CircularList.hpp */,
			);
			path = Linear;
			sourceTree = "<group>";
		};
		7168666F202A2E3900F52CAB /* Model */ = {
			isa = PBXGroup;
			children = (
				71F0D607202CCF3000CDAEF4 /* Nodes */,
				7168668C202A34B800F52CAB /* Structures */,
			);
			path = Model;
			sourceTree = "<group>";
		};
		7168667C202A32B400F52CAB /* Data */ = {
			isa = PBXGroup;
			children = (
				7168668F202A370100F52CAB /* crime.csv */,
				71686683202A33C000F52CAB /* CrimeData.cpp */,
				71686684202A33C000F52CAB /* CrimeData.hpp */,
			);
			path = Data;
			sourceTree = "<group>";
		};
		71686682202A338C00F52CAB /* Testers */ = {
			isa = PBXGroup;
			children = (
				71686686202A33E500F52CAB /* ArrayTester.cpp */,
				71686687202A33E500F52CAB /* ArrayTester.hpp */,
				71973CCD2034BB5E00D82FB7 /* LinkedListTester.cpp */,
				71973CCE2034BB5E00D82FB7 /* LinkedListTester.hpp */,
				71730B41204734550065266E /* TestingStacksAndQueues.cpp */,
				71730B42204734550065266E /* TestingStacksAndQueues.hpp */,
				713268A4204DC595005AA07D /* Recursion.cpp */,
				713268A5204DC595005AA07D /* Recursion.hpp */,
				711DBA28205AE95300932CA4 /* SortingTester.cpp */,
				711DBA29205AE95300932CA4 /* SortingTester.hpp */,
				71AC55C7206571E900FE5BDC /* GraphTester.cpp */,
				71AC55C8206571E900FE5BDC /* GraphTester.hpp */,
				71C84449206ACA12009578DC /* BinaryTreeTester.cpp */,
				71C8444A206ACA12009578DC /* BinaryTreeTester.hpp */,
			);
			path = Testers;
			sourceTree = "<group>";
		};
		71686689202A342200F52CAB /* Tools */ = {
			isa = PBXGroup;
			children = (
				7168666D202A2D6F00F52CAB /* Timer.hpp */,
				7168666B202A2D6400F52CAB /* Timer.cpp */,
			);
			path = Tools;
			sourceTree = "<group>";
		};
		7168668C202A34B800F52CAB /* Structures */ = {
			isa = PBXGroup;
			children = (
				7174FED72060360D00B39B62 /* NonLinear */,
				715A900C203F45C300549E3B /* Linear */,
			);
			path = Structures;
			sourceTree = "<group>";
		};
		71686691202A3F1D00F52CAB /* UML */ = {
			isa = PBXGroup;
			children = (
				71686692202A3F2C00F52CAB /* Node.uxf */,
			);
			path = UML;
			sourceTree = "<group>";
		};
		7174FED72060360D00B39B62 /* NonLinear */ = {
			isa = PBXGroup;
			children = (
				7174FED82060362000B39B62 /* Graph.h */,
				71C8444C206AD426009578DC /* Tree.hpp */,
				71B741EE206D609D00CB0F08 /* BinarySearchTree.hpp */,
				711873BC20866B670005CACE /* AVLTree.hpp */,
			);
			path = NonLinear;
			sourceTree = "<group>";
		};
		71F0D607202CCF3000CDAEF4 /* Nodes */ = {
			isa = PBXGroup;
			children = (
				71730B3F20472FFC0065266E /* LinearNode.hpp */,
				71730B4020472FFC0065266E /* Node.hpp */,
				71730B3D20472DEB0065266E /* DoubleNode.hpp */,
				71701160208E50DA0067EE65 /* N_AryTreeNode.hpp */,
				71C84448206ABEC5009578DC /* BinaryTreeNode.hpp */,
			);
			path = Nodes;
			sourceTree = "<group>";
		};
/* End PBXGroup section */

/* Begin PBXNativeTarget section */
		71062D01201A5D98002A0217 /* Sample_Project */ = {
			isa = PBXNativeTarget;
			buildConfigurationList = 71062D09201A5D98002A0217 /* Build configuration list for PBXNativeTarget "Sample_Project" */;
			buildPhases = (
				71062CFE201A5D98002A0217 /* Sources */,
				71062CFF201A5D98002A0217 /* Frameworks */,
				71062D00201A5D98002A0217 /* CopyFiles */,
			);
			buildRules = (
			);
			dependencies = (
			);
			name = Sample_Project;
			productName = Sample_Project;
			productReference = 71062D02201A5D98002A0217 /* Sample_Project */;
			productType = "com.apple.product-type.tool";
		};
/* End PBXNativeTarget section */

/* Begin PBXProject section */
		71062CFA201A5D98002A0217 /* Project object */ = {
			isa = PBXProject;
			attributes = {
				LastUpgradeCheck = 0900;
				ORGANIZATIONNAME = "Vawdrey, Derek";
				TargetAttributes = {
					71062D01201A5D98002A0217 = {
						CreatedOnToolsVersion = 9.0;
						ProvisioningStyle = Automatic;
					};
				};
			};
			buildConfigurationList = 71062CFD201A5D98002A0217 /* Build configuration list for PBXProject "Sample_Project" */;
			compatibilityVersion = "Xcode 8.0";
			developmentRegion = en;
			hasScannedForEncodings = 0;
			knownRegions = (
				en,
			);
			mainGroup = 71062CF9201A5D98002A0217;
			productRefGroup = 71062D03201A5D98002A0217 /* Products */;
			projectDirPath = "";
			projectRoot = "";
			targets = (
				71062D01201A5D98002A0217 /* Sample_Project */,
			);
		};
/* End PBXProject section */

/* Begin PBXSourcesBuildPhase section */
		71062CFE201A5D98002A0217 /* Sources */ = {
			isa = PBXSourcesBuildPhase;
			buildActionMask = 2147483647;
			files = (
				7168666C202A2D6400F52CAB /* Timer.cpp in Sources */,
				71686685202A33C000F52CAB /* CrimeData.cpp in Sources */,
				71062D0F201A5ECE002A0217 /* Controller.cpp in Sources */,
				71062D12201A5EDB002A0217 /* Runner.cpp in Sources */,
				71973CCF2034BB5E00D82FB7 /* LinkedListTester.cpp in Sources */,
				71C8444B206ACA12009578DC /* BinaryTreeTester.cpp in Sources */,
				71AC55C9206571E900FE5BDC /* GraphTester.cpp in Sources */,
				711DBA2A205AE95300932CA4 /* SortingTester.cpp in Sources */,
				71730B43204734550065266E /* TestingStacksAndQueues.cpp in Sources */,
				713268A6204DC595005AA07D /* Recursion.cpp in Sources */,
				71686688202A33E500F52CAB /* ArrayTester.cpp in Sources */,
				7168667B202A321000F52CAB /* FileController.cpp in Sources */,
			);
			runOnlyForDeploymentPostprocessing = 0;
		};
/* End PBXSourcesBuildPhase section */

/* Begin XCBuildConfiguration section */
		71062D07201A5D98002A0217 /* Debug */ = {
			isa = XCBuildConfiguration;
			buildSettings = {
				ALWAYS_SEARCH_USER_PATHS = NO;
				CLANG_ANALYZER_NONNULL = YES;
				CLANG_ANALYZER_NUMBER_OBJECT_CONVERSION = YES_AGGRESSIVE;
				CLANG_CXX_LANGUAGE_STANDARD = "gnu++14";
				CLANG_CXX_LIBRARY = "libc++";
				CLANG_ENABLE_MODULES = YES;
				CLANG_ENABLE_OBJC_ARC = YES;
				CLANG_WARN_BLOCK_CAPTURE_AUTORELEASING = YES;
				CLANG_WARN_BOOL_CONVERSION = YES;
				CLANG_WARN_COMMA = YES;
				CLANG_WARN_CONSTANT_CONVERSION = YES;
				CLANG_WARN_DIRECT_OBJC_ISA_USAGE = YES_ERROR;
				CLANG_WARN_DOCUMENTATION_COMMENTS = YES;
				CLANG_WARN_EMPTY_BODY = YES;
				CLANG_WARN_ENUM_CONVERSION = YES;
				CLANG_WARN_INFINITE_RECURSION = YES;
				CLANG_WARN_INT_CONVERSION = YES;
				CLANG_WARN_NON_LITERAL_NULL_CONVERSION = YES;
				CLANG_WARN_OBJC_LITERAL_CONVERSION = YES;
				CLANG_WARN_OBJC_ROOT_CLASS = YES_ERROR;
				CLANG_WARN_RANGE_LOOP_ANALYSIS = YES;
				CLANG_WARN_STRICT_PROTOTYPES = YES;
				CLANG_WARN_SUSPICIOUS_MOVE = YES;
				CLANG_WARN_UNGUARDED_AVAILABILITY = YES_AGGRESSIVE;
				CLANG_WARN_UNREACHABLE_CODE = YES;
				CLANG_WARN__DUPLICATE_METHOD_MATCH = YES;
				CODE_SIGN_IDENTITY = "-";
				COPY_PHASE_STRIP = NO;
				DEBUG_INFORMATION_FORMAT = dwarf;
				ENABLE_STRICT_OBJC_MSGSEND = YES;
				ENABLE_TESTABILITY = YES;
				GCC_C_LANGUAGE_STANDARD = gnu11;
				GCC_DYNAMIC_NO_PIC = NO;
				GCC_NO_COMMON_BLOCKS = YES;
				GCC_OPTIMIZATION_LEVEL = 0;
				GCC_PREPROCESSOR_DEFINITIONS = (
					"DEBUG=1",
					"$(inherited)",
				);
				GCC_WARN_64_TO_32_BIT_CONVERSION = YES;
				GCC_WARN_ABOUT_RETURN_TYPE = YES_ERROR;
				GCC_WARN_UNDECLARED_SELECTOR = YES;
				GCC_WARN_UNINITIALIZED_AUTOS = YES_AGGRESSIVE;
				GCC_WARN_UNUSED_FUNCTION = YES;
				GCC_WARN_UNUSED_VARIABLE = YES;
				MACOSX_DEPLOYMENT_TARGET = 10.12;
				MTL_ENABLE_DEBUG_INFO = YES;
				ONLY_ACTIVE_ARCH = YES;
				SDKROOT = macosx;
			};
			name = Debug;
		};
		71062D08201A5D98002A0217 /* Release */ = {
			isa = XCBuildConfiguration;
			buildSettings = {
				ALWAYS_SEARCH_USER_PATHS = NO;
				CLANG_ANALYZER_NONNULL = YES;
				CLANG_ANALYZER_NUMBER_OBJECT_CONVERSION = YES_AGGRESSIVE;
				CLANG_CXX_LANGUAGE_STANDARD = "gnu++14";
				CLANG_CXX_LIBRARY = "libc++";
				CLANG_ENABLE_MODULES = YES;
				CLANG_ENABLE_OBJC_ARC = YES;
				CLANG_WARN_BLOCK_CAPTURE_AUTORELEASING = YES;
				CLANG_WARN_BOOL_CONVERSION = YES;
				CLANG_WARN_COMMA = YES;
				CLANG_WARN_CONSTANT_CONVERSION = YES;
				CLANG_WARN_DIRECT_OBJC_ISA_USAGE = YES_ERROR;
				CLANG_WARN_DOCUMENTATION_COMMENTS = YES;
				CLANG_WARN_EMPTY_BODY = YES;
				CLANG_WARN_ENUM_CONVERSION = YES;
				CLANG_WARN_INFINITE_RECURSION = YES;
				CLANG_WARN_INT_CONVERSION = YES;
				CLANG_WARN_NON_LITERAL_NULL_CONVERSION = YES;
				CLANG_WARN_OBJC_LITERAL_CONVERSION = YES;
				CLANG_WARN_OBJC_ROOT_CLASS = YES_ERROR;
				CLANG_WARN_RANGE_LOOP_ANALYSIS = YES;
				CLANG_WARN_STRICT_PROTOTYPES = YES;
				CLANG_WARN_SUSPICIOUS_MOVE = YES;
				CLANG_WARN_UNGUARDED_AVAILABILITY = YES_AGGRESSIVE;
				CLANG_WARN_UNREACHABLE_CODE = YES;
				CLANG_WARN__DUPLICATE_METHOD_MATCH = YES;
				CODE_SIGN_IDENTITY = "-";
				COPY_PHASE_STRIP = NO;
				DEBUG_INFORMATION_FORMAT = "dwarf-with-dsym";
				ENABLE_NS_ASSERTIONS = NO;
				ENABLE_STRICT_OBJC_MSGSEND = YES;
				GCC_C_LANGUAGE_STANDARD = gnu11;
				GCC_NO_COMMON_BLOCKS = YES;
				GCC_WARN_64_TO_32_BIT_CONVERSION = YES;
				GCC_WARN_ABOUT_RETURN_TYPE = YES_ERROR;
				GCC_WARN_UNDECLARED_SELECTOR = YES;
				GCC_WARN_UNINITIALIZED_AUTOS = YES_AGGRESSIVE;
				GCC_WARN_UNUSED_FUNCTION = YES;
				GCC_WARN_UNUSED_VARIABLE = YES;
				MACOSX_DEPLOYMENT_TARGET = 10.12;
				MTL_ENABLE_DEBUG_INFO = NO;
				SDKROOT = macosx;
			};
			name = Release;
		};
		71062D0A201A5D98002A0217 /* Debug */ = {
			isa = XCBuildConfiguration;
			buildSettings = {
				CODE_SIGN_STYLE = Automatic;
				PRODUCT_NAME = "$(TARGET_NAME)";
			};
			name = Debug;
		};
		71062D0B201A5D98002A0217 /* Release */ = {
			isa = XCBuildConfiguration;
			buildSettings = {
				CODE_SIGN_STYLE = Automatic;
				PRODUCT_NAME = "$(TARGET_NAME)";
			};
			name = Release;
		};
/* End XCBuildConfiguration section */

/* Begin XCConfigurationList section */
		71062CFD201A5D98002A0217 /* Build configuration list for PBXProject "Sample_Project" */ = {
			isa = XCConfigurationList;
			buildConfigurations = (
				71062D07201A5D98002A0217 /* Debug */,
				71062D08201A5D98002A0217 /* Release */,
			);
			defaultConfigurationIsVisible = 0;
			defaultConfigurationName = Release;
		};
		71062D09201A5D98002A0217 /* Build configuration list for PBXNativeTarget "Sample_Project" */ = {
			isa = XCConfigurationList;
			buildConfigurations = (
				71062D0A201A5D98002A0217 /* Debug */,
				71062D0B201A5D98002A0217 /* Release */,
			);
			defaultConfigurationIsVisible = 0;
			defaultConfigurationName = Release;
		};
/* End XCConfigurationList section */
	};
	rootObject = 71062CFA201A5D98002A0217 /* Project object */;
}
